
Microsoft Visual Studio Solution File, Format Version 12.00
# Visual Studio Version 17
VisualStudioVersion = 17.5.002.0
MinimumVisualStudioVersion = 10.0.40219.1
Project("{9A19103F-16F7-4668-BE54-9A1E7A4F7556}") = "NoDependencyInjectionDotnetCsharp", "NoDependencyInjectionDotnetCsharp.csproj", "{FF6C5A29-97CD-40D7-B42A-7E18DEE11A81}"
EndProject
Global
	GlobalSection(SolutionConfigurationPlatforms) = preSolution
		Debug|Any CPU = Debug|Any CPU
		Release|Any CPU = Release|Any CPU
	EndGlobalSection
	GlobalSection(ProjectConfigurationPlatforms) = postSolution
		{FF6C5A29-97CD-40D7-B42A-7E18DEE11A81}.Debug|Any CPU.ActiveCfg = Debug|Any CPU
		{FF6C5A29-97CD-40D7-B42A-7E18DEE11A81}.Debug|Any CPU.Build.0 = Debug|Any CPU
		{FF6C5A29-97CD-40D7-B42A-7E18DEE11A81}.Release|Any CPU.ActiveCfg = Release|Any CPU
		{FF6C5A29-97CD-40D7-B42A-7E18DEE11A81}.Release|Any CPU.Build.0 = Release|Any CPU
	EndGlobalSection
	GlobalSection(SolutionProperties) = preSolution
		HideSolutionNode = FALSE
	EndGlobalSection
	GlobalSection(ExtensibilityGlobals) = postSolution
		SolutionGuid = {9B3CE00E-2E5B-4CCD-96CE-F7974186CDBE}
	EndGlobalSection
EndGlobal
